// !$*UTF8*$!
{
	archiveVersion = 1;
	classes = {
	};
	objectVersion = 77;
	objects = {

/* Begin PBXBuildFile section */
		428D85992DF183D500D64710 /* WidgetKit.framework in Frameworks */ = {isa = PBXBuildFile; fileRef = 428D85982DF183D500D64710 /* WidgetKit.framework */; };
		428D859B2DF183D500D64710 /* SwiftUI.framework in Frameworks */ = {isa = PBXBuildFile; fileRef = 428D859A2DF183D500D64710 /* SwiftUI.framework */; };
		428D85A62DF183D700D64710 /* MyWidgetExtension.appex in Embed Foundation Extensions */ = {isa = PBXBuildFile; fileRef = 428D85962DF183D500D64710 /* MyWidgetExtension.appex */; settings = {ATTRIBUTES = (RemoveHeadersOnCopy, ); }; };
/* End PBXBuildFile section */

/* Begin PBXContainerItemProxy section */
		428D85A42DF183D700D64710 /* PBXContainerItemProxy */ = {
			isa = PBXContainerItemProxy;
			containerPortal = 42BF139E2DE7514400E7B73B /* Project object */;
			proxyType = 1;
			remoteGlobalIDString = 428D85952DF183D500D64710;
			remoteInfo = MyWidgetExtension;
		};
		42BF13B42DE7514500E7B73B /* PBXContainerItemProxy */ = {
			isa = PBXContainerItemProxy;
			containerPortal = 42BF139E2DE7514400E7B73B /* Project object */;
			proxyType = 1;
			remoteGlobalIDString = 42BF13A52DE7514400E7B73B;
			remoteInfo = "yesMarathon-App";
		};
		42BF13BE2DE7514500E7B73B /* PBXContainerItemProxy */ = {
			isa = PBXContainerItemProxy;
			containerPortal = 42BF139E2DE7514400E7B73B /* Project object */;
			proxyType = 1;
			remoteGlobalIDString = 42BF13A52DE7514400E7B73B;
			remoteInfo = "yesMarathon-App";
		};
/* End PBXContainerItemProxy section */

/* Begin PBXCopyFilesBuildPhase section */
		428D85A72DF183D700D64710 /* Embed Foundation Extensions */ = {
			isa = PBXCopyFilesBuildPhase;
			buildActionMask = 2147483647;
			dstPath = "";
			dstSubfolderSpec = 13;
			files = (
				428D85A62DF183D700D64710 /* MyWidgetExtension.appex in Embed Foundation Extensions */,
			);
			name = "Embed Foundation Extensions";
			runOnlyForDeploymentPostprocessing = 0;
		};
/* End PBXCopyFilesBuildPhase section */

/* Begin PBXFileReference section */
		428D85962DF183D500D64710 /* MyWidgetExtension.appex */ = {isa = PBXFileReference; explicitFileType = "wrapper.app-extension"; includeInIndex = 0; path = MyWidgetExtension.appex; sourceTree = BUILT_PRODUCTS_DIR; };
		428D85982DF183D500D64710 /* WidgetKit.framework */ = {isa = PBXFileReference; lastKnownFileType = wrapper.framework; name = WidgetKit.framework; path = System/Library/Frameworks/WidgetKit.framework; sourceTree = SDKROOT; };
		428D859A2DF183D500D64710 /* SwiftUI.framework */ = {isa = PBXFileReference; lastKnownFileType = wrapper.framework; name = SwiftUI.framework; path = System/Library/Frameworks/SwiftUI.framework; sourceTree = SDKROOT; };
		42BF13A62DE7514400E7B73B /* yesMarathon-App.app */ = {isa = PBXFileReference; explicitFileType = wrapper.application; includeInIndex = 0; path = "yesMarathon-App.app"; sourceTree = BUILT_PRODUCTS_DIR; };
		42BF13B32DE7514500E7B73B /* yesMarathon-AppTests.xctest */ = {isa = PBXFileReference; explicitFileType = wrapper.cfbundle; includeInIndex = 0; path = "yesMarathon-AppTests.xctest"; sourceTree = BUILT_PRODUCTS_DIR; };
		42BF13BD2DE7514500E7B73B /* yesMarathon-AppUITests.xctest */ = {isa = PBXFileReference; explicitFileType = wrapper.cfbundle; includeInIndex = 0; path = "yesMarathon-AppUITests.xctest"; sourceTree = BUILT_PRODUCTS_DIR; };
		42C42B112DF3EB5E00BA05E7 /* MyWidgetExtension.entitlements */ = {isa = PBXFileReference; lastKnownFileType = text.plist.entitlements; path = MyWidgetExtension.entitlements; sourceTree = "<group>"; };
/* End PBXFileReference section */

/* Begin PBXFileSystemSynchronizedBuildFileExceptionSet section */
		428D85AA2DF183D700D64710 /* Exceptions for "MyWidget" folder in "MyWidgetExtension" target */ = {
			isa = PBXFileSystemSynchronizedBuildFileExceptionSet;
			membershipExceptions = (
				Info.plist,
			);
			target = 428D85952DF183D500D64710 /* MyWidgetExtension */;
		};
		42C42B132DF3EB7C00BA05E7 /* Exceptions for "yesMarathon-App" folder in "MyWidgetExtension" target */ = {
			isa = PBXFileSystemSynchronizedBuildFileExceptionSet;
			membershipExceptions = (
				Model/DayChangeManager.swift,
			);
			target = 428D85952DF183D500D64710 /* MyWidgetExtension */;
		};
/* End PBXFileSystemSynchronizedBuildFileExceptionSet section */

/* Begin PBXFileSystemSynchronizedRootGroup section */
		428D859C2DF183D500D64710 /* MyWidget */ = {
			isa = PBXFileSystemSynchronizedRootGroup;
			exceptions = (
				428D85AA2DF183D700D64710 /* Exceptions for "MyWidget" folder in "MyWidgetExtension" target */,
			);
			path = MyWidget;
			sourceTree = "<group>";
		};
		42BF13A82DE7514400E7B73B /* yesMarathon-App */ = {
			isa = PBXFileSystemSynchronizedRootGroup;
			exceptions = (
				42C42B132DF3EB7C00BA05E7 /* Exceptions for "yesMarathon-App" folder in "MyWidgetExtension" target */,
			);
			path = "yesMarathon-App";
			sourceTree = "<group>";
		};
		42BF13B62DE7514500E7B73B /* yesMarathon-AppTests */ = {
			isa = PBXFileSystemSynchronizedRootGroup;
			path = "yesMarathon-AppTests";
			sourceTree = "<group>";
		};
		42BF13C02DE7514500E7B73B /* yesMarathon-AppUITests */ = {
			isa = PBXFileSystemSynchronizedRootGroup;
			path = "yesMarathon-AppUITests";
			sourceTree = "<group>";
		};
/* End PBXFileSystemSynchronizedRootGroup section */

/* Begin PBXFrameworksBuildPhase section */
		428D85932DF183D500D64710 /* Frameworks */ = {
			isa = PBXFrameworksBuildPhase;
			buildActionMask = 2147483647;
			files = (
				428D859B2DF183D500D64710 /* SwiftUI.framework in Frameworks */,
				428D85992DF183D500D64710 /* WidgetKit.framework in Frameworks */,
			);
			runOnlyForDeploymentPostprocessing = 0;
		};
		42BF13A32DE7514400E7B73B /* Frameworks */ = {
			isa = PBXFrameworksBuildPhase;
			buildActionMask = 2147483647;
			files = (
			);
			runOnlyForDeploymentPostprocessing = 0;
		};
		42BF13B02DE7514500E7B73B /* Frameworks */ = {
			isa = PBXFrameworksBuildPhase;
			buildActionMask = 2147483647;
			files = (
			);
			runOnlyForDeploymentPostprocessing = 0;
		};
		42BF13BA2DE7514500E7B73B /* Frameworks */ = {
			isa = PBXFrameworksBuildPhase;
			buildActionMask = 2147483647;
			files = (
			);
			runOnlyForDeploymentPostprocessing = 0;
		};
/* End PBXFrameworksBuildPhase section */

/* Begin PBXGroup section */
		428D85972DF183D500D64710 /* Frameworks */ = {
			isa = PBXGroup;
			children = (
				428D85982DF183D500D64710 /* WidgetKit.framework */,
				428D859A2DF183D500D64710 /* SwiftUI.framework */,
			);
			name = Frameworks;
			sourceTree = "<group>";
		};
		42BF139D2DE7514400E7B73B = {
			isa = PBXGroup;
			children = (
				42C42B112DF3EB5E00BA05E7 /* MyWidgetExtension.entitlements */,
				42BF13A82DE7514400E7B73B /* yesMarathon-App */,
				42BF13B62DE7514500E7B73B /* yesMarathon-AppTests */,
				42BF13C02DE7514500E7B73B /* yesMarathon-AppUITests */,
				428D859C2DF183D500D64710 /* MyWidget */,
				428D85972DF183D500D64710 /* Frameworks */,
				42BF13A72DE7514400E7B73B /* Products */,
			);
			sourceTree = "<group>";
		};
		42BF13A72DE7514400E7B73B /* Products */ = {
			isa = PBXGroup;
			children = (
				42BF13A62DE7514400E7B73B /* yesMarathon-App.app */,
				42BF13B32DE7514500E7B73B /* yesMarathon-AppTests.xctest */,
				42BF13BD2DE7514500E7B73B /* yesMarathon-AppUITests.xctest */,
				428D85962DF183D500D64710 /* MyWidgetExtension.appex */,
			);
			name = Products;
			sourceTree = "<group>";
		};
/* End PBXGroup section */

/* Begin PBXNativeTarget section */
		428D85952DF183D500D64710 /* MyWidgetExtension */ = {
			isa = PBXNativeTarget;
			buildConfigurationList = 428D85AB2DF183D700D64710 /* Build configuration list for PBXNativeTarget "MyWidgetExtension" */;
			buildPhases = (
				428D85922DF183D500D64710 /* Sources */,
				428D85932DF183D500D64710 /* Frameworks */,
				428D85942DF183D500D64710 /* Resources */,
			);
			buildRules = (
			);
			dependencies = (
			);
			fileSystemSynchronizedGroups = (
				428D859C2DF183D500D64710 /* MyWidget */,
			);
			name = MyWidgetExtension;
			packageProductDependencies = (
			);
			productName = MyWidgetExtension;
			productReference = 428D85962DF183D500D64710 /* MyWidgetExtension.appex */;
			productType = "com.apple.product-type.app-extension";
		};
		42BF13A52DE7514400E7B73B /* yesMarathon-App */ = {
			isa = PBXNativeTarget;
			buildConfigurationList = 42BF13C72DE7514500E7B73B /* Build configuration list for PBXNativeTarget "yesMarathon-App" */;
			buildPhases = (
				42BF13A22DE7514400E7B73B /* Sources */,
				42BF13A32DE7514400E7B73B /* Frameworks */,
				42BF13A42DE7514400E7B73B /* Resources */,
				428D85A72DF183D700D64710 /* Embed Foundation Extensions */,
			);
			buildRules = (
			);
			dependencies = (
				428D85A52DF183D700D64710 /* PBXTargetDependency */,
			);
			fileSystemSynchronizedGroups = (
				42BF13A82DE7514400E7B73B /* yesMarathon-App */,
			);
			name = "yesMarathon-App";
			packageProductDependencies = (
			);
			productName = "yesMarathon-App";
			productReference = 42BF13A62DE7514400E7B73B /* yesMarathon-App.app */;
			productType = "com.apple.product-type.application";
		};
		42BF13B22DE7514500E7B73B /* yesMarathon-AppTests */ = {
			isa = PBXNativeTarget;
			buildConfigurationList = 42BF13CA2DE7514500E7B73B /* Build configuration list for PBXNativeTarget "yesMarathon-AppTests" */;
			buildPhases = (
				42BF13AF2DE7514500E7B73B /* Sources */,
				42BF13B02DE7514500E7B73B /* Frameworks */,
				42BF13B12DE7514500E7B73B /* Resources */,
			);
			buildRules = (
			);
			dependencies = (
				42BF13B52DE7514500E7B73B /* PBXTargetDependency */,
			);
			fileSystemSynchronizedGroups = (
				42BF13B62DE7514500E7B73B /* yesMarathon-AppTests */,
			);
			name = "yesMarathon-AppTests";
			packageProductDependencies = (
			);
			productName = "yesMarathon-AppTests";
			productReference = 42BF13B32DE7514500E7B73B /* yesMarathon-AppTests.xctest */;
			productType = "com.apple.product-type.bundle.unit-test";
		};
		42BF13BC2DE7514500E7B73B /* yesMarathon-AppUITests */ = {
			isa = PBXNativeTarget;
			buildConfigurationList = 42BF13CD2DE7514500E7B73B /* Build configuration list for PBXNativeTarget "yesMarathon-AppUITests" */;
			buildPhases = (
				42BF13B92DE7514500E7B73B /* Sources */,
				42BF13BA2DE7514500E7B73B /* Frameworks */,
				42BF13BB2DE7514500E7B73B /* Resources */,
			);
			buildRules = (
			);
			dependencies = (
				42BF13BF2DE7514500E7B73B /* PBXTargetDependency */,
			);
			fileSystemSynchronizedGroups = (
				42BF13C02DE7514500E7B73B /* yesMarathon-AppUITests */,
			);
			name = "yesMarathon-AppUITests";
			packageProductDependencies = (
			);
			productName = "yesMarathon-AppUITests";
			productReference = 42BF13BD2DE7514500E7B73B /* yesMarathon-AppUITests.xctest */;
			productType = "com.apple.product-type.bundle.ui-testing";
		};
/* End PBXNativeTarget section */

/* Begin PBXProject section */
		42BF139E2DE7514400E7B73B /* Project object */ = {
			isa = PBXProject;
			attributes = {
				BuildIndependentTargetsInParallel = 1;
				LastSwiftUpdateCheck = 1640;
				LastUpgradeCheck = 1630;
				TargetAttributes = {
					428D85952DF183D500D64710 = {
						CreatedOnToolsVersion = 16.4;
					};
					42BF13A52DE7514400E7B73B = {
						CreatedOnToolsVersion = 16.3;
					};
					42BF13B22DE7514500E7B73B = {
						CreatedOnToolsVersion = 16.3;
						TestTargetID = 42BF13A52DE7514400E7B73B;
					};
					42BF13BC2DE7514500E7B73B = {
						CreatedOnToolsVersion = 16.3;
						TestTargetID = 42BF13A52DE7514400E7B73B;
					};
				};
			};
			buildConfigurationList = 42BF13A12DE7514400E7B73B /* Build configuration list for PBXProject "yesMarathon-App" */;
			developmentRegion = en;
			hasScannedForEncodings = 0;
			knownRegions = (
				en,
				Base,
			);
			mainGroup = 42BF139D2DE7514400E7B73B;
			minimizedProjectReferenceProxies = 1;
			preferredProjectObjectVersion = 77;
			productRefGroup = 42BF13A72DE7514400E7B73B /* Products */;
			projectDirPath = "";
			projectRoot = "";
			targets = (
				42BF13A52DE7514400E7B73B /* yesMarathon-App */,
				42BF13B22DE7514500E7B73B /* yesMarathon-AppTests */,
				42BF13BC2DE7514500E7B73B /* yesMarathon-AppUITests */,
				428D85952DF183D500D64710 /* MyWidgetExtension */,
			);
		};
/* End PBXProject section */

/* Begin PBXResourcesBuildPhase section */
		428D85942DF183D500D64710 /* Resources */ = {
			isa = PBXResourcesBuildPhase;
			buildActionMask = 2147483647;
			files = (
			);
			runOnlyForDeploymentPostprocessing = 0;
		};
		42BF13A42DE7514400E7B73B /* Resources */ = {
			isa = PBXResourcesBuildPhase;
			buildActionMask = 2147483647;
			files = (
			);
			runOnlyForDeploymentPostprocessing = 0;
		};
		42BF13B12DE7514500E7B73B /* Resources */ = {
			isa = PBXResourcesBuildPhase;
			buildActionMask = 2147483647;
			files = (
			);
			runOnlyForDeploymentPostprocessing = 0;
		};
		42BF13BB2DE7514500E7B73B /* Resources */ = {
			isa = PBXResourcesBuildPhase;
			buildActionMask = 2147483647;
			files = (
			);
			runOnlyForDeploymentPostprocessing = 0;
		};
/* End PBXResourcesBuildPhase section */

/* Begin PBXSourcesBuildPhase section */
		428D85922DF183D500D64710 /* Sources */ = {
			isa = PBXSourcesBuildPhase;
			buildActionMask = 2147483647;
			files = (
			);
			runOnlyForDeploymentPostprocessing = 0;
		};
		42BF13A22DE7514400E7B73B /* Sources */ = {
			isa = PBXSourcesBuildPhase;
			buildActionMask = 2147483647;
			files = (
			);
			runOnlyForDeploymentPostprocessing = 0;
		};
		42BF13AF2DE7514500E7B73B /* Sources */ = {
			isa = PBXSourcesBuildPhase;
			buildActionMask = 2147483647;
			files = (
			);
			runOnlyForDeploymentPostprocessing = 0;
		};
		42BF13B92DE7514500E7B73B /* Sources */ = {
			isa = PBXSourcesBuildPhase;
			buildActionMask = 2147483647;
			files = (
			);
			runOnlyForDeploymentPostprocessing = 0;
		};
/* End PBXSourcesBuildPhase section */

/* Begin PBXTargetDependency section */
		428D85A52DF183D700D64710 /* PBXTargetDependency */ = {
			isa = PBXTargetDependency;
			target = 428D85952DF183D500D64710 /* MyWidgetExtension */;
			targetProxy = 428D85A42DF183D700D64710 /* PBXContainerItemProxy */;
		};
		42BF13B52DE7514500E7B73B /* PBXTargetDependency */ = {
			isa = PBXTargetDependency;
			target = 42BF13A52DE7514400E7B73B /* yesMarathon-App */;
			targetProxy = 42BF13B42DE7514500E7B73B /* PBXContainerItemProxy */;
		};
		42BF13BF2DE7514500E7B73B /* PBXTargetDependency */ = {
			isa = PBXTargetDependency;
			target = 42BF13A52DE7514400E7B73B /* yesMarathon-App */;
			targetProxy = 42BF13BE2DE7514500E7B73B /* PBXContainerItemProxy */;
		};
/* End PBXTargetDependency section */

/* Begin XCBuildConfiguration section */
		428D85A82DF183D700D64710 /* Debug */ = {
			isa = XCBuildConfiguration;
			buildSettings = {
				ASSETCATALOG_COMPILER_GLOBAL_ACCENT_COLOR_NAME = AccentColor;
				ASSETCATALOG_COMPILER_WIDGET_BACKGROUND_COLOR_NAME = WidgetBackground;
				CODE_SIGN_ENTITLEMENTS = MyWidgetExtension.entitlements;
				CODE_SIGN_STYLE = Automatic;
				CURRENT_PROJECT_VERSION = 1;
				DEVELOPMENT_TEAM = 8CG4864C4M;
				GENERATE_INFOPLIST_FILE = YES;
				INFOPLIST_FILE = MyWidget/Info.plist;
				INFOPLIST_KEY_CFBundleDisplayName = MyWidget;
				INFOPLIST_KEY_NSHumanReadableCopyright = "";
				IPHONEOS_DEPLOYMENT_TARGET = 18.5;
				LD_RUNPATH_SEARCH_PATHS = (
					"$(inherited)",
					"@executable_path/Frameworks",
					"@executable_path/../../Frameworks",
				);
				MARKETING_VERSION = 1.0;
				PRODUCT_BUNDLE_IDENTIFIER = "app.Suzuki.Aosuke.yesMarathon-App.MyWidget";
				PRODUCT_NAME = "$(TARGET_NAME)";
				SKIP_INSTALL = YES;
				SWIFT_EMIT_LOC_STRINGS = YES;
				SWIFT_VERSION = 5.0;
				TARGETED_DEVICE_FAMILY = "1,2";
			};
			name = Debug;
		};
		428D85A92DF183D700D64710 /* Release */ = {
			isa = XCBuildConfiguration;
			buildSettings = {
				ASSETCATALOG_COMPILER_GLOBAL_ACCENT_COLOR_NAME = AccentColor;
				ASSETCATALOG_COMPILER_WIDGET_BACKGROUND_COLOR_NAME = WidgetBackground;
				CODE_SIGN_ENTITLEMENTS = MyWidgetExtension.entitlements;
				CODE_SIGN_STYLE = Automatic;
				CURRENT_PROJECT_VERSION = 1;
				DEVELOPMENT_TEAM = 8CG4864C4M;
				GENERATE_INFOPLIST_FILE = YES;
				INFOPLIST_FILE = MyWidget/Info.plist;
				INFOPLIST_KEY_CFBundleDisplayName = MyWidget;
				INFOPLIST_KEY_NSHumanReadableCopyright = "";
				IPHONEOS_DEPLOYMENT_TARGET = 18.5;
				LD_RUNPATH_SEARCH_PATHS = (
					"$(inherited)",
					"@executable_path/Frameworks",
					"@executable_path/../../Frameworks",
				);
				MARKETING_VERSION = 1.0;
				PRODUCT_BUNDLE_IDENTIFIER = "app.Suzuki.Aosuke.yesMarathon-App.MyWidget";
				PRODUCT_NAME = "$(TARGET_NAME)";
				SKIP_INSTALL = YES;
				SWIFT_EMIT_LOC_STRINGS = YES;
				SWIFT_VERSION = 5.0;
				TARGETED_DEVICE_FAMILY = "1,2";
			};
			name = Release;
		};
		42BF13C52DE7514500E7B73B /* Debug */ = {
			isa = XCBuildConfiguration;
			buildSettings = {
				ALWAYS_SEARCH_USER_PATHS = NO;
				ASSETCATALOG_COMPILER_GENERATE_SWIFT_ASSET_SYMBOL_EXTENSIONS = YES;
				CLANG_ANALYZER_NONNULL = YES;
				CLANG_ANALYZER_NUMBER_OBJECT_CONVERSION = YES_AGGRESSIVE;
				CLANG_CXX_LANGUAGE_STANDARD = "gnu++20";
				CLANG_ENABLE_MODULES = YES;
				CLANG_ENABLE_OBJC_ARC = YES;
				CLANG_ENABLE_OBJC_WEAK = YES;
				CLANG_WARN_BLOCK_CAPTURE_AUTORELEASING = YES;
				CLANG_WARN_BOOL_CONVERSION = YES;
				CLANG_WARN_COMMA = YES;
				CLANG_WARN_CONSTANT_CONVERSION = YES;
				CLANG_WARN_DEPRECATED_OBJC_IMPLEMENTATIONS = YES;
				CLANG_WARN_DIRECT_OBJC_ISA_USAGE = YES_ERROR;
				CLANG_WARN_DOCUMENTATION_COMMENTS = YES;
				CLANG_WARN_EMPTY_BODY = YES;
				CLANG_WARN_ENUM_CONVERSION = YES;
				CLANG_WARN_INFINITE_RECURSION = YES;
				CLANG_WARN_INT_CONVERSION = YES;
				CLANG_WARN_NON_LITERAL_NULL_CONVERSION = YES;
				CLANG_WARN_OBJC_IMPLICIT_RETAIN_SELF = YES;
				CLANG_WARN_OBJC_LITERAL_CONVERSION = YES;
				CLANG_WARN_OBJC_ROOT_CLASS = YES_ERROR;
				CLANG_WARN_QUOTED_INCLUDE_IN_FRAMEWORK_HEADER = YES;
				CLANG_WARN_RANGE_LOOP_ANALYSIS = YES;
				CLANG_WARN_STRICT_PROTOTYPES = YES;
				CLANG_WARN_SUSPICIOUS_MOVE = YES;
				CLANG_WARN_UNGUARDED_AVAILABILITY = YES_AGGRESSIVE;
				CLANG_WARN_UNREACHABLE_CODE = YES;
				CLANG_WARN__DUPLICATE_METHOD_MATCH = YES;
				COPY_PHASE_STRIP = NO;
				DEBUG_INFORMATION_FORMAT = dwarf;
				ENABLE_STRICT_OBJC_MSGSEND = YES;
				ENABLE_TESTABILITY = YES;
				ENABLE_USER_SCRIPT_SANDBOXING = YES;
				GCC_C_LANGUAGE_STANDARD = gnu17;
				GCC_DYNAMIC_NO_PIC = NO;
				GCC_NO_COMMON_BLOCKS = YES;
				GCC_OPTIMIZATION_LEVEL = 0;
				GCC_PREPROCESSOR_DEFINITIONS = (
					"DEBUG=1",
					"$(inherited)",
				);
				GCC_WARN_64_TO_32_BIT_CONVERSION = YES;
				GCC_WARN_ABOUT_RETURN_TYPE = YES_ERROR;
				GCC_WARN_UNDECLARED_SELECTOR = YES;
				GCC_WARN_UNINITIALIZED_AUTOS = YES_AGGRESSIVE;
				GCC_WARN_UNUSED_FUNCTION = YES;
				GCC_WARN_UNUSED_VARIABLE = YES;
				IPHONEOS_DEPLOYMENT_TARGET = 18.4;
				LOCALIZATION_PREFERS_STRING_CATALOGS = YES;
				MTL_ENABLE_DEBUG_INFO = INCLUDE_SOURCE;
				MTL_FAST_MATH = YES;
				ONLY_ACTIVE_ARCH = YES;
				SDKROOT = iphoneos;
				SWIFT_ACTIVE_COMPILATION_CONDITIONS = "DEBUG $(inherited)";
				SWIFT_OPTIMIZATION_LEVEL = "-Onone";
			};
			name = Debug;
		};
		42BF13C62DE7514500E7B73B /* Release */ = {
			isa = XCBuildConfiguration;
			buildSettings = {
				ALWAYS_SEARCH_USER_PATHS = NO;
				ASSETCATALOG_COMPILER_GENERATE_SWIFT_ASSET_SYMBOL_EXTENSIONS = YES;
				CLANG_ANALYZER_NONNULL = YES;
				CLANG_ANALYZER_NUMBER_OBJECT_CONVERSION = YES_AGGRESSIVE;
				CLANG_CXX_LANGUAGE_STANDARD = "gnu++20";
				CLANG_ENABLE_MODULES = YES;
				CLANG_ENABLE_OBJC_ARC = YES;
				CLANG_ENABLE_OBJC_WEAK = YES;
				CLANG_WARN_BLOCK_CAPTURE_AUTORELEASING = YES;
				CLANG_WARN_BOOL_CONVERSION = YES;
				CLANG_WARN_COMMA = YES;
				CLANG_WARN_CONSTANT_CONVERSION = YES;
				CLANG_WARN_DEPRECATED_OBJC_IMPLEMENTATIONS = YES;
				CLANG_WARN_DIRECT_OBJC_ISA_USAGE = YES_ERROR;
				CLANG_WARN_DOCUMENTATION_COMMENTS = YES;
				CLANG_WARN_EMPTY_BODY = YES;
				CLANG_WARN_ENUM_CONVERSION = YES;
				CLANG_WARN_INFINITE_RECURSION = YES;
				CLANG_WARN_INT_CONVERSION = YES;
				CLANG_WARN_NON_LITERAL_NULL_CONVERSION = YES;
				CLANG_WARN_OBJC_IMPLICIT_RETAIN_SELF = YES;
				CLANG_WARN_OBJC_LITERAL_CONVERSION = YES;
				CLANG_WARN_OBJC_ROOT_CLASS = YES_ERROR;
				CLANG_WARN_QUOTED_INCLUDE_IN_FRAMEWORK_HEADER = YES;
				CLANG_WARN_RANGE_LOOP_ANALYSIS = YES;
				CLANG_WARN_STRICT_PROTOTYPES = YES;
				CLANG_WARN_SUSPICIOUS_MOVE = YES;
				CLANG_WARN_UNGUARDED_AVAILABILITY = YES_AGGRESSIVE;
				CLANG_WARN_UNREACHABLE_CODE = YES;
				CLANG_WARN__DUPLICATE_METHOD_MATCH = YES;
				COPY_PHASE_STRIP = NO;
				DEBUG_INFORMATION_FORMAT = "dwarf-with-dsym";
				ENABLE_NS_ASSERTIONS = NO;
				ENABLE_STRICT_OBJC_MSGSEND = YES;
				ENABLE_USER_SCRIPT_SANDBOXING = YES;
				GCC_C_LANGUAGE_STANDARD = gnu17;
				GCC_NO_COMMON_BLOCKS = YES;
				GCC_WARN_64_TO_32_BIT_CONVERSION = YES;
				GCC_WARN_ABOUT_RETURN_TYPE = YES_ERROR;
				GCC_WARN_UNDECLARED_SELECTOR = YES;
				GCC_WARN_UNINITIALIZED_AUTOS = YES_AGGRESSIVE;
				GCC_WARN_UNUSED_FUNCTION = YES;
				GCC_WARN_UNUSED_VARIABLE = YES;
				IPHONEOS_DEPLOYMENT_TARGET = 18.4;
				LOCALIZATION_PREFERS_STRING_CATALOGS = YES;
				MTL_ENABLE_DEBUG_INFO = NO;
				MTL_FAST_MATH = YES;
				SDKROOT = iphoneos;
				SWIFT_COMPILATION_MODE = wholemodule;
				VALIDATE_PRODUCT = YES;
			};
			name = Release;
		};
		42BF13C82DE7514500E7B73B /* Debug */ = {
			isa = XCBuildConfiguration;
			buildSettings = {
				ASSETCATALOG_COMPILER_APPICON_NAME = AppIcon;
				ASSETCATALOG_COMPILER_GLOBAL_ACCENT_COLOR_NAME = AccentColor;
				CODE_SIGN_ENTITLEMENTS = "yesMarathon-App/yesMarathon-App.entitlements";
				CODE_SIGN_STYLE = Automatic;
				CURRENT_PROJECT_VERSION = 1;
				DEVELOPMENT_TEAM = 8CG4864C4M;
				ENABLE_PREVIEWS = YES;
				GENERATE_INFOPLIST_FILE = YES;
				INFOPLIST_KEY_UIApplicationSceneManifest_Generation = YES;
				INFOPLIST_KEY_UIApplicationSupportsIndirectInputEvents = YES;
				INFOPLIST_KEY_UILaunchScreen_Generation = YES;
				INFOPLIST_KEY_UISupportedInterfaceOrientations_iPad = "UIInterfaceOrientationPortrait UIInterfaceOrientationPortraitUpsideDown UIInterfaceOrientationLandscapeLeft UIInterfaceOrientationLandscapeRight";
				INFOPLIST_KEY_UISupportedInterfaceOrientations_iPhone = "UIInterfaceOrientationPortrait UIInterfaceOrientationLandscapeLeft UIInterfaceOrientationLandscapeRight";
				LD_RUNPATH_SEARCH_PATHS = (
					"$(inherited)",
					"@executable_path/Frameworks",
				);
				MARKETING_VERSION = 1.0;
				PRODUCT_BUNDLE_IDENTIFIER = "app.Suzuki.Aosuke.yesMarathon-App";
				PRODUCT_NAME = "$(TARGET_NAME)";
				SWIFT_EMIT_LOC_STRINGS = YES;
				SWIFT_VERSION = 5.0;
				TARGETED_DEVICE_FAMILY = "1,2";
			};
			name = Debug;
		};
		42BF13C92DE7514500E7B73B /* Release */ = {
			isa = XCBuildConfiguration;
			buildSettings = {
				ASSETCATALOG_COMPILER_APPICON_NAME = AppIcon;
				ASSETCATALOG_COMPILER_GLOBAL_ACCENT_COLOR_NAME = AccentColor;
				CODE_SIGN_ENTITLEMENTS = "yesMarathon-App/yesMarathon-App.entitlements";
				CODE_SIGN_STYLE = Automatic;
				CURRENT_PROJECT_VERSION = 1;
				DEVELOPMENT_TEAM = 8CG4864C4M;
				ENABLE_PREVIEWS = YES;
				GENERATE_INFOPLIST_FILE = YES;
				INFOPLIST_KEY_UIApplicationSceneManifest_Generation = YES;
				INFOPLIST_KEY_UIApplicationSupportsIndirectInputEvents = YES;
				INFOPLIST_KEY_UILaunchScreen_Generation = YES;
				INFOPLIST_KEY_UISupportedInterfaceOrientations_iPad = "UIInterfaceOrientationPortrait UIInterfaceOrientationPortraitUpsideDown UIInterfaceOrientationLandscapeLeft UIInterfaceOrientationLandscapeRight";
				INFOPLIST_KEY_UISupportedInterfaceOrientations_iPhone = "UIInterfaceOrientationPortrait UIInterfaceOrientationLandscapeLeft UIInterfaceOrientationLandscapeRight";
				LD_RUNPATH_SEARCH_PATHS = (
					"$(inherited)",
					"@executable_path/Frameworks",
				);
				MARKETING_VERSION = 1.0;
				PRODUCT_BUNDLE_IDENTIFIER = "app.Suzuki.Aosuke.yesMarathon-App";
				PRODUCT_NAME = "$(TARGET_NAME)";
				SWIFT_EMIT_LOC_STRINGS = YES;
				SWIFT_VERSION = 5.0;
				TARGETED_DEVICE_FAMILY = "1,2";
			};
			name = Release;
		};
		42BF13CB2DE7514500E7B73B /* Debug */ = {
			isa = XCBuildConfiguration;
			buildSettings = {
				BUNDLE_LOADER = "$(TEST_HOST)";
				CODE_SIGN_STYLE = Automatic;
				CURRENT_PROJECT_VERSION = 1;
				GENERATE_INFOPLIST_FILE = YES;
				IPHONEOS_DEPLOYMENT_TARGET = 18.4;
				MARKETING_VERSION = 1.0;
				PRODUCT_BUNDLE_IDENTIFIER = "app.Suzuki.Aosuke.yesMarathon-AppTests";
				PRODUCT_NAME = "$(TARGET_NAME)";
				SWIFT_EMIT_LOC_STRINGS = NO;
				SWIFT_VERSION = 5.0;
				TARGETED_DEVICE_FAMILY = "1,2";
				TEST_HOST = "$(BUILT_PRODUCTS_DIR)/yesMarathon-App.app/$(BUNDLE_EXECUTABLE_FOLDER_PATH)/yesMarathon-App";
			};
			name = Debug;
		};
		42BF13CC2DE7514500E7B73B /* Release */ = {
			isa = XCBuildConfiguration;
			buildSettings = {
				BUNDLE_LOADER = "$(TEST_HOST)";
				CODE_SIGN_STYLE = Automatic;
				CURRENT_PROJECT_VERSION = 1;
				GENERATE_INFOPLIST_FILE = YES;
				IPHONEOS_DEPLOYMENT_TARGET = 18.4;
				MARKETING_VERSION = 1.0;
				PRODUCT_BUNDLE_IDENTIFIER = "app.Suzuki.Aosuke.yesMarathon-AppTests";
				PRODUCT_NAME = "$(TARGET_NAME)";
				SWIFT_EMIT_LOC_STRINGS = NO;
				SWIFT_VERSION = 5.0;
				TARGETED_DEVICE_FAMILY = "1,2";
				TEST_HOST = "$(BUILT_PRODUCTS_DIR)/yesMarathon-App.app/$(BUNDLE_EXECUTABLE_FOLDER_PATH)/yesMarathon-App";
			};
			name = Release;
		};
		42BF13CE2DE7514500E7B73B /* Debug */ = {
			isa = XCBuildConfiguration;
			buildSettings = {
				CODE_SIGN_STYLE = Automatic;
				CURRENT_PROJECT_VERSION = 1;
				GENERATE_INFOPLIST_FILE = YES;
				MARKETING_VERSION = 1.0;
				PRODUCT_BUNDLE_IDENTIFIER = "app.Suzuki.Aosuke.yesMarathon-AppUITests";
				PRODUCT_NAME = "$(TARGET_NAME)";
				SWIFT_EMIT_LOC_STRINGS = NO;
				SWIFT_VERSION = 5.0;
				TARGETED_DEVICE_FAMILY = "1,2";
				TEST_TARGET_NAME = "yesMarathon-App";
			};
			name = Debug;
		};
		42BF13CF2DE7514500E7B73B /* Release */ = {
			isa = XCBuildConfiguration;
			buildSettings = {
				CODE_SIGN_STYLE = Automatic;
				CURRENT_PROJECT_VERSION = 1;
				GENERATE_INFOPLIST_FILE = YES;
				MARKETING_VERSION = 1.0;
				PRODUCT_BUNDLE_IDENTIFIER = "app.Suzuki.Aosuke.yesMarathon-AppUITests";
				PRODUCT_NAME = "$(TARGET_NAME)";
				SWIFT_EMIT_LOC_STRINGS = NO;
				SWIFT_VERSION = 5.0;
				TARGETED_DEVICE_FAMILY = "1,2";
				TEST_TARGET_NAME = "yesMarathon-App";
			};
			name = Release;
		};
/* End XCBuildConfiguration section */

/* Begin XCConfigurationList section */
		428D85AB2DF183D700D64710 /* Build configuration list for PBXNativeTarget "MyWidgetExtension" */ = {
			isa = XCConfigurationList;
			buildConfigurations = (
				428D85A82DF183D700D64710 /* Debug */,
				428D85A92DF183D700D64710 /* Release */,
			);
			defaultConfigurationIsVisible = 0;
			defaultConfigurationName = Release;
		};
		42BF13A12DE7514400E7B73B /* Build configuration list for PBXProject "yesMarathon-App" */ = {
			isa = XCConfigurationList;
			buildConfigurations = (
				42BF13C52DE7514500E7B73B /* Debug */,
				42BF13C62DE7514500E7B73B /* Release */,
			);
			defaultConfigurationIsVisible = 0;
			defaultConfigurationName = Release;
		};
		42BF13C72DE7514500E7B73B /* Build configuration list for PBXNativeTarget "yesMarathon-App" */ = {
			isa = XCConfigurationList;
			buildConfigurations = (
				42BF13C82DE7514500E7B73B /* Debug */,
				42BF13C92DE7514500E7B73B /* Release */,
			);
			defaultConfigurationIsVisible = 0;
			defaultConfigurationName = Release;
		};
		42BF13CA2DE7514500E7B73B /* Build configuration list for PBXNativeTarget "yesMarathon-AppTests" */ = {
			isa = XCConfigurationList;
			buildConfigurations = (
				42BF13CB2DE7514500E7B73B /* Debug */,
				42BF13CC2DE7514500E7B73B /* Release */,
			);
			defaultConfigurationIsVisible = 0;
			defaultConfigurationName = Release;
		};
		42BF13CD2DE7514500E7B73B /* Build configuration list for PBXNativeTarget "yesMarathon-AppUITests" */ = {
			isa = XCConfigurationList;
			buildConfigurations = (
				42BF13CE2DE7514500E7B73B /* Debug */,
				42BF13CF2DE7514500E7B73B /* Release */,
			);
			defaultConfigurationIsVisible = 0;
			defaultConfigurationName = Release;
		};
/* End XCConfigurationList section */
	};
	rootObject = 42BF139E2DE7514400E7B73B /* Project object */;
}
